
Microsoft Visual Studio Solution File, Format Version 12.00
# Visual Studio Version 17
VisualStudioVersion = 17.0.31903.59
MinimumVisualStudioVersion = 10.0.40219.1
Project("{2150E333-8FDC-42A3-9474-1A3956D46DE8}") = "src", "src", "{827E0CD3-B72D-47B6-A68D-7590B98EB39B}"
EndProject
Project("{FAE04EC0-301F-11D3-BF4B-00C04F79EFBC}") = "StockDataApi", "src\StockDataApi\StockDataApi.csproj", "{71C5EF54-1570-4C0E-950F-777F491933A2}"
EndProject
Project("{FAE04EC0-301F-11D3-BF4B-00C04F79EFBC}") = "StockDataWorker", "src\StockDataWorker\StockDataWorker.csproj", "{09494D01-70F4-4138-9062-5527A084FEB9}"
EndProject
Project("{FAE04EC0-301F-11D3-BF4B-00C04F79EFBC}") = "StockDataLib", "src\StockDataLib\StockDataLib.csproj", "{41BC2FF0-1930-420F-A158-8CE2EB8E3140}"
EndProject
Project("{FAE04EC0-301F-11D3-BF4B-00C04F79EFBC}") = "StockData.ChartExchange", "StockData.ChartExchange\StockData.ChartExchange.csproj", "{FDA36DE7-80C7-4B40-B178-25829199F196}"
EndProject
Project("{FAE04EC0-301F-11D3-BF4B-00C04F79EFBC}") = "StockData.SEC", "StockData.SEC\StockData.SEC.csproj", "{39D1EE35-0713-4096-A4E8-C15FF3AE7A42}"
EndProject
Project("{FAE04EC0-301F-11D3-BF4B-00C04F79EFBC}") = "StockData.Finra", "StockData.Finra\StockData.Finra.csproj", "{A44A4A39-1162-4DA5-8680-CD02E92BCA6A}"
EndProject
Project("{FAE04EC0-301F-11D3-BF4B-00C04F79EFBC}") = "StockData.Polygon", "StockData.Polygon\StockData.Polygon.csproj", "{79B3C0E6-D10A-4C17-AD26-C5FF10D97731}"
EndProject
Project("{FAE04EC0-301F-11D3-BF4B-00C04F79EFBC}") = "StockData.Contracts", "StockData.Contracts\StockData.Contracts.csproj", "{466D0D0F-B619-4690-9523-FD8CD2F9EA09}"
EndProject
Global
	GlobalSection(SolutionConfigurationPlatforms) = preSolution
		Debug|Any CPU = Debug|Any CPU
		Debug|x64 = Debug|x64
		Debug|x86 = Debug|x86
		Release|Any CPU = Release|Any CPU
		Release|x64 = Release|x64
		Release|x86 = Release|x86
	EndGlobalSection
	GlobalSection(ProjectConfigurationPlatforms) = postSolution
		{71C5EF54-1570-4C0E-950F-777F491933A2}.Debug|Any CPU.ActiveCfg = Debug|Any CPU
		{71C5EF54-1570-4C0E-950F-777F491933A2}.Debug|Any CPU.Build.0 = Debug|Any CPU
		{71C5EF54-1570-4C0E-950F-777F491933A2}.Debug|x64.ActiveCfg = Debug|Any CPU
		{71C5EF54-1570-4C0E-950F-777F491933A2}.Debug|x64.Build.0 = Debug|Any CPU
		{71C5EF54-1570-4C0E-950F-777F491933A2}.Debug|x86.ActiveCfg = Debug|Any CPU
		{71C5EF54-1570-4C0E-950F-777F491933A2}.Debug|x86.Build.0 = Debug|Any CPU
		{71C5EF54-1570-4C0E-950F-777F491933A2}.Release|Any CPU.ActiveCfg = Release|Any CPU
		{71C5EF54-1570-4C0E-950F-777F491933A2}.Release|Any CPU.Build.0 = Release|Any CPU
		{71C5EF54-1570-4C0E-950F-777F491933A2}.Release|x64.ActiveCfg = Release|Any CPU
		{71C5EF54-1570-4C0E-950F-777F491933A2}.Release|x64.Build.0 = Release|Any CPU
		{71C5EF54-1570-4C0E-950F-777F491933A2}.Release|x86.ActiveCfg = Release|Any CPU
		{71C5EF54-1570-4C0E-950F-777F491933A2}.Release|x86.Build.0 = Release|Any CPU
		{09494D01-70F4-4138-9062-5527A084FEB9}.Debug|Any CPU.ActiveCfg = Debug|Any CPU
		{09494D01-70F4-4138-9062-5527A084FEB9}.Debug|Any CPU.Build.0 = Debug|Any CPU
		{09494D01-70F4-4138-9062-5527A084FEB9}.Debug|x64.ActiveCfg = Debug|Any CPU
		{09494D01-70F4-4138-9062-5527A084FEB9}.Debug|x64.Build.0 = Debug|Any CPU
		{09494D01-70F4-4138-9062-5527A084FEB9}.Debug|x86.ActiveCfg = Debug|Any CPU
		{09494D01-70F4-4138-9062-5527A084FEB9}.Debug|x86.Build.0 = Debug|Any CPU
		{09494D01-70F4-4138-9062-5527A084FEB9}.Release|Any CPU.ActiveCfg = Release|Any CPU
		{09494D01-70F4-4138-9062-5527A084FEB9}.Release|Any CPU.Build.0 = Release|Any CPU
		{09494D01-70F4-4138-9062-5527A084FEB9}.Release|x64.ActiveCfg = Release|Any CPU
		{09494D01-70F4-4138-9062-5527A084FEB9}.Release|x64.Build.0 = Release|Any CPU
		{09494D01-70F4-4138-9062-5527A084FEB9}.Release|x86.ActiveCfg = Release|Any CPU
		{09494D01-70F4-4138-9062-5527A084FEB9}.Release|x86.Build.0 = Release|Any CPU
		{41BC2FF0-1930-420F-A158-8CE2EB8E3140}.Debug|Any CPU.ActiveCfg = Debug|Any CPU
		{41BC2FF0-1930-420F-A158-8CE2EB8E3140}.Debug|Any CPU.Build.0 = Debug|Any CPU
		{41BC2FF0-1930-420F-A158-8CE2EB8E3140}.Debug|x64.ActiveCfg = Debug|Any CPU
		{41BC2FF0-1930-420F-A158-8CE2EB8E3140}.Debug|x64.Build.0 = Debug|Any CPU
		{41BC2FF0-1930-420F-A158-8CE2EB8E3140}.Debug|x86.ActiveCfg = Debug|Any CPU
		{41BC2FF0-1930-420F-A158-8CE2EB8E3140}.Debug|x86.Build.0 = Debug|Any CPU
		{41BC2FF0-1930-420F-A158-8CE2EB8E3140}.Release|Any CPU.ActiveCfg = Release|Any CPU
		{41BC2FF0-1930-420F-A158-8CE2EB8E3140}.Release|Any CPU.Build.0 = Release|Any CPU
		{41BC2FF0-1930-420F-A158-8CE2EB8E3140}.Release|x64.ActiveCfg = Release|Any CPU
		{41BC2FF0-1930-420F-A158-8CE2EB8E3140}.Release|x64.Build.0 = Release|Any CPU
		{41BC2FF0-1930-420F-A158-8CE2EB8E3140}.Release|x86.ActiveCfg = Release|Any CPU
		{41BC2FF0-1930-420F-A158-8CE2EB8E3140}.Release|x86.Build.0 = Release|Any CPU
		{FDA36DE7-80C7-4B40-B178-25829199F196}.Debug|Any CPU.ActiveCfg = Debug|Any CPU
		{FDA36DE7-80C7-4B40-B178-25829199F196}.Debug|Any CPU.Build.0 = Debug|Any CPU
		{FDA36DE7-80C7-4B40-B178-25829199F196}.Debug|x64.ActiveCfg = Debug|Any CPU
		{FDA36DE7-80C7-4B40-B178-25829199F196}.Debug|x64.Build.0 = Debug|Any CPU
		{FDA36DE7-80C7-4B40-B178-25829199F196}.Debug|x86.ActiveCfg = Debug|Any CPU
		{FDA36DE7-80C7-4B40-B178-25829199F196}.Debug|x86.Build.0 = Debug|Any CPU
		{FDA36DE7-80C7-4B40-B178-25829199F196}.Release|Any CPU.ActiveCfg = Release|Any CPU
		{FDA36DE7-80C7-4B40-B178-25829199F196}.Release|Any CPU.Build.0 = Release|Any CPU
		{FDA36DE7-80C7-4B40-B178-25829199F196}.Release|x64.ActiveCfg = Release|Any CPU
		{FDA36DE7-80C7-4B40-B178-25829199F196}.Release|x64.Build.0 = Release|Any CPU
		{FDA36DE7-80C7-4B40-B178-25829199F196}.Release|x86.ActiveCfg = Release|Any CPU
		{FDA36DE7-80C7-4B40-B178-25829199F196}.Release|x86.Build.0 = Release|Any CPU
		{39D1EE35-0713-4096-A4E8-C15FF3AE7A42}.Debug|Any CPU.ActiveCfg = Debug|Any CPU
		{39D1EE35-0713-4096-A4E8-C15FF3AE7A42}.Debug|Any CPU.Build.0 = Debug|Any CPU
		{39D1EE35-0713-4096-A4E8-C15FF3AE7A42}.Debug|x64.ActiveCfg = Debug|Any CPU
		{39D1EE35-0713-4096-A4E8-C15FF3AE7A42}.Debug|x64.Build.0 = Debug|Any CPU
		{39D1EE35-0713-4096-A4E8-C15FF3AE7A42}.Debug|x86.ActiveCfg = Debug|Any CPU
		{39D1EE35-0713-4096-A4E8-C15FF3AE7A42}.Debug|x86.Build.0 = Debug|Any CPU
		{39D1EE35-0713-4096-A4E8-C15FF3AE7A42}.Release|Any CPU.ActiveCfg = Release|Any CPU
		{39D1EE35-0713-4096-A4E8-C15FF3AE7A42}.Release|Any CPU.Build.0 = Release|Any CPU
		{39D1EE35-0713-4096-A4E8-C15FF3AE7A42}.Release|x64.ActiveCfg = Release|Any CPU
		{39D1EE35-0713-4096-A4E8-C15FF3AE7A42}.Release|x64.Build.0 = Release|Any CPU
		{39D1EE35-0713-4096-A4E8-C15FF3AE7A42}.Release|x86.ActiveCfg = Release|Any CPU
		{39D1EE35-0713-4096-A4E8-C15FF3AE7A42}.Release|x86.Build.0 = Release|Any CPU
		{A44A4A39-1162-4DA5-8680-CD02E92BCA6A}.Debug|Any CPU.ActiveCfg = Debug|Any CPU
		{A44A4A39-1162-4DA5-8680-CD02E92BCA6A}.Debug|Any CPU.Build.0 = Debug|Any CPU
		{A44A4A39-1162-4DA5-8680-CD02E92BCA6A}.Debug|x64.ActiveCfg = Debug|Any CPU
		{A44A4A39-1162-4DA5-8680-CD02E92BCA6A}.Debug|x64.Build.0 = Debug|Any CPU
		{A44A4A39-1162-4DA5-8680-CD02E92BCA6A}.Debug|x86.ActiveCfg = Debug|Any CPU
		{A44A4A39-1162-4DA5-8680-CD02E92BCA6A}.Debug|x86.Build.0 = Debug|Any CPU
		{A44A4A39-1162-4DA5-8680-CD02E92BCA6A}.Release|Any CPU.ActiveCfg = Release|Any CPU
		{A44A4A39-1162-4DA5-8680-CD02E92BCA6A}.Release|Any CPU.Build.0 = Release|Any CPU
		{A44A4A39-1162-4DA5-8680-CD02E92BCA6A}.Release|x64.ActiveCfg = Release|Any CPU
		{A44A4A39-1162-4DA5-8680-CD02E92BCA6A}.Release|x64.Build.0 = Release|Any CPU
		{A44A4A39-1162-4DA5-8680-CD02E92BCA6A}.Release|x86.ActiveCfg = Release|Any CPU
		{A44A4A39-1162-4DA5-8680-CD02E92BCA6A}.Release|x86.Build.0 = Release|Any CPU
		{79B3C0E6-D10A-4C17-AD26-C5FF10D97731}.Debug|Any CPU.ActiveCfg = Debug|Any CPU
		{79B3C0E6-D10A-4C17-AD26-C5FF10D97731}.Debug|Any CPU.Build.0 = Debug|Any CPU
		{79B3C0E6-D10A-4C17-AD26-C5FF10D97731}.Debug|x64.ActiveCfg = Debug|Any CPU
		{79B3C0E6-D10A-4C17-AD26-C5FF10D97731}.Debug|x64.Build.0 = Debug|Any CPU
		{79B3C0E6-D10A-4C17-AD26-C5FF10D97731}.Debug|x86.ActiveCfg = Debug|Any CPU
		{79B3C0E6-D10A-4C17-AD26-C5FF10D97731}.Debug|x86.Build.0 = Debug|Any CPU
		{79B3C0E6-D10A-4C17-AD26-C5FF10D97731}.Release|Any CPU.ActiveCfg = Release|Any CPU
		{79B3C0E6-D10A-4C17-AD26-C5FF10D97731}.Release|Any CPU.Build.0 = Release|Any CPU
		{79B3C0E6-D10A-4C17-AD26-C5FF10D97731}.Release|x64.ActiveCfg = Release|Any CPU
		{79B3C0E6-D10A-4C17-AD26-C5FF10D97731}.Release|x64.Build.0 = Release|Any CPU
		{79B3C0E6-D10A-4C17-AD26-C5FF10D97731}.Release|x86.ActiveCfg = Release|Any CPU
		{79B3C0E6-D10A-4C17-AD26-C5FF10D97731}.Release|x86.Build.0 = Release|Any CPU
		{466D0D0F-B619-4690-9523-FD8CD2F9EA09}.Debug|Any CPU.ActiveCfg = Debug|Any CPU
		{466D0D0F-B619-4690-9523-FD8CD2F9EA09}.Debug|Any CPU.Build.0 = Debug|Any CPU
		{466D0D0F-B619-4690-9523-FD8CD2F9EA09}.Debug|x64.ActiveCfg = Debug|Any CPU
		{466D0D0F-B619-4690-9523-FD8CD2F9EA09}.Debug|x64.Build.0 = Debug|Any CPU
		{466D0D0F-B619-4690-9523-FD8CD2F9EA09}.Debug|x86.ActiveCfg = Debug|Any CPU
		{466D0D0F-B619-4690-9523-FD8CD2F9EA09}.Debug|x86.Build.0 = Debug|Any CPU
		{466D0D0F-B619-4690-9523-FD8CD2F9EA09}.Release|Any CPU.ActiveCfg = Release|Any CPU
		{466D0D0F-B619-4690-9523-FD8CD2F9EA09}.Release|Any CPU.Build.0 = Release|Any CPU
		{466D0D0F-B619-4690-9523-FD8CD2F9EA09}.Release|x64.ActiveCfg = Release|Any CPU
		{466D0D0F-B619-4690-9523-FD8CD2F9EA09}.Release|x64.Build.0 = Release|Any CPU
		{466D0D0F-B619-4690-9523-FD8CD2F9EA09}.Release|x86.ActiveCfg = Release|Any CPU
		{466D0D0F-B619-4690-9523-FD8CD2F9EA09}.Release|x86.Build.0 = Release|Any CPU
	EndGlobalSection
	GlobalSection(SolutionProperties) = preSolution
		HideSolutionNode = FALSE
	EndGlobalSection
	GlobalSection(NestedProjects) = preSolution
		{71C5EF54-1570-4C0E-950F-777F491933A2} = {827E0CD3-B72D-47B6-A68D-7590B98EB39B}
		{09494D01-70F4-4138-9062-5527A084FEB9} = {827E0CD3-B72D-47B6-A68D-7590B98EB39B}
		{41BC2FF0-1930-420F-A158-8CE2EB8E3140} = {827E0CD3-B72D-47B6-A68D-7590B98EB39B}
		{FDA36DE7-80C7-4B40-B178-25829199F196} = {827E0CD3-B72D-47B6-A68D-7590B98EB39B}
		{39D1EE35-0713-4096-A4E8-C15FF3AE7A42} = {827E0CD3-B72D-47B6-A68D-7590B98EB39B}
		{A44A4A39-1162-4DA5-8680-CD02E92BCA6A} = {827E0CD3-B72D-47B6-A68D-7590B98EB39B}
		{79B3C0E6-D10A-4C17-AD26-C5FF10D97731} = {827E0CD3-B72D-47B6-A68D-7590B98EB39B}
		{466D0D0F-B619-4690-9523-FD8CD2F9EA09} = {827E0CD3-B72D-47B6-A68D-7590B98EB39B}
	EndGlobalSection
EndGlobal
